
Microsoft Visual Studio Solution File, Format Version 12.00
# Visual Studio 15
VisualStudioVersion = 15.0.26430.14
MinimumVisualStudioVersion = 10.0.40219.1
Project("{FAE04EC0-301F-11D3-BF4B-00C04F79EFBC}") = "PagerSlidingTabStrip", "PagerSlidingTabStrip\PagerSlidingTabStrip.csproj", "{953CB5AD-5F62-41E6-958E-94E5EEEABEC5}"
EndProject
Project("{FAE04EC0-301F-11D3-BF4B-00C04F79EFBC}") = "Sample", "Sample\Sample.csproj", "{D66A1937-1993-4979-B18F-D4DB4C491F36}"
EndProject
Project("{2150E333-8FDC-42A3-9474-1A3956D46DE8}") = "Solution Items", "Solution Items", "{02EA436B-6A0D-4131-8CCE-EB73FE0470D7}"
	ProjectSection(SolutionItems) = preProject
		appveyor.yml = appveyor.yml
		build.cake = build.cake
		PagerSlidingTabStrip.nuspec = PagerSlidingTabStrip.nuspec
	EndProjectSection
EndProject
Global
	GlobalSection(SolutionConfigurationPlatforms) = preSolution
		Debug|Any CPU = Debug|Any CPU
		Release|Any CPU = Release|Any CPU
	EndGlobalSection
	GlobalSection(ProjectConfigurationPlatforms) = postSolution
		{953CB5AD-5F62-41E6-958E-94E5EEEABEC5}.Debug|Any CPU.ActiveCfg = Debug|Any CPU
		{953CB5AD-5F62-41E6-958E-94E5EEEABEC5}.Debug|Any CPU.Build.0 = Debug|Any CPU
		{953CB5AD-5F62-41E6-958E-94E5EEEABEC5}.Release|Any CPU.ActiveCfg = Release|Any CPU
		{953CB5AD-5F62-41E6-958E-94E5EEEABEC5}.Release|Any CPU.Build.0 = Release|Any CPU
		{D66A1937-1993-4979-B18F-D4DB4C491F36}.Debug|Any CPU.ActiveCfg = Debug|Any CPU
		{D66A1937-1993-4979-B18F-D4DB4C491F36}.Debug|Any CPU.Build.0 = Debug|Any CPU
		{D66A1937-1993-4979-B18F-D4DB4C491F36}.Debug|Any CPU.Deploy.0 = Debug|Any CPU
		{D66A1937-1993-4979-B18F-D4DB4C491F36}.Release|Any CPU.ActiveCfg = Release|Any CPU
		{D66A1937-1993-4979-B18F-D4DB4C491F36}.Release|Any CPU.Build.0 = Release|Any CPU
		{D66A1937-1993-4979-B18F-D4DB4C491F36}.Release|Any CPU.Deploy.0 = Release|Any CPU
	EndGlobalSection
	GlobalSection(SolutionProperties) = preSolution
		HideSolutionNode = FALSE
	EndGlobalSection
EndGlobal
